GEM
  remote: https://rubygems.org/
  specs:
    ast (2.4.3)
    aws-eventstream (1.4.0)
    aws-partitions (1.1293.0)
    aws-sdk-autoscaling (1.168.0)
      aws-sdk-core (~> 3, >= 3.256.0)
      aws-sigv4 (~> 1.5)
    aws-sdk-cloudformation (1.160.0)
      aws-sdk-core (~> 3, >= 3.256.0)
      aws-sigv4 (~> 1.5)
    aws-sdk-cloudwatch (1.149.0)
      aws-sdk-core (~> 3, >= 3.256.0)
      aws-sigv4 (~> 1.5)
    aws-sdk-cloudwatchlogs (1.165.0)
      aws-sdk-core (~> 3, >= 3.256.0)
      aws-sigv4 (~> 1.5)
    aws-sdk-core (3.257.0)
      aws-eventstream (~> 1, >= 1.3.0)
      aws-partitions (~> 1, >= 1.992.0)
      aws-sigv4 (~> 1.9)
      base64
      bigdecimal
      jmespath (~> 1, >= 1.6.1)
      logger
      rexml (~> 3.4, >= 3.4.2)
    aws-sdk-dynamodb (1.175.0)
      aws-sdk-core (~> 3, >= 3.256.0)
      aws-sigv4 (~> 1.5)
    aws-sdk-ec2 (1.655.0)
      aws-sdk-core (~> 3, >= 3.256.0)
      aws-sigv4 (~> 1.5)
    aws-sdk-elasticloadbalancingv2 (1.159.0)
      aws-sdk-core (~> 3, >= 3.256.0)
      aws-sigv4 (~> 1.5)
    aws-sdk-kms (1.132.0)
      aws-sdk-core (~> 3, >= 3.256.0)
      aws-sigv4 (~> 1.5)
    aws-sdk-s3 (1.233.2)
      aws-sdk-core (~> 3, >= 3.256.0)
      aws-sdk-kms (~> 1)
      aws-sigv4 (~> 1.5)
    aws-sdk-sns (1.121.0)
      aws-sdk-core (~> 3, >= 3.256.0)
      aws-sigv4 (~> 1.5)
    aws-sigv4 (1.12.1)
      aws-eventstream (~> 1, >= 1.0.2)
    base64 (0.3.0)
    bigdecimal (4.1.3)
    diff-lcs (1.6.2)
    docile (1.4.1)
    jmespath (1.6.2)
    json (3.0.2)
    language_server-protocol (3.17.0.6)
    lint_roller (1.1.0)
    logger (1.7.0)
    parallel (2.3.0)
    parser (3.3.12.0)
      ast (~> 2.4.1)
      racc
    prism (1.9.0)
    racc (1.8.1)
    rainbow (3.1.1)
    regexp_parser (2.13.1)
    retries (0.0.5)
    rexml (3.4.4)
    rspec (3.13.2)
      rspec-core (~> 3.13.0)
      rspec-expectations (~> 3.13.0)
      rspec-mocks (~> 3.13.0)
    rspec-core (3.13.6)
      rspec-support (~> 3.13.0)
    rspec-expectations (3.13.5)
      diff-lcs (>= 1.2.0, < 2.0)
      rspec-support (~> 3.13.0)
    rspec-mocks (3.13.8)
      diff-lcs (>= 1.2.0, < 2.0)
      rspec-support (~> 3.13.0)
    rspec-support (3.13.7)
    rubocop (1.91.0)
      json (>= 2.3)
      language_server-protocol (~> 3.17.0.2)
      lint_roller (~> 1.1.0)
      parallel (>= 1.10)
      parser (>= 3.3.0.2)
      rainbow (>= 2.2.2, < 4.0)
      regexp_parser (>= 2.9.3, < 3.0)
      rubocop-ast (>= 1.49.0, < 2.0)
      ruby-progressbar (~> 1.7)
      unicode-display_width (>= 2.4.0, < 4.0)
    rubocop-ast (1.50.0)
      parser (>= 3.3.7.2)
      prism (~> 1.7)
    ruby-progressbar (1.13.0)
    simplecov (0.21.2)
      docile (~> 1.1)
      simplecov-html (~> 0.11)
      simplecov_json_formatter (~> 0.1)
    simplecov-html (0.13.2)
    simplecov_json_formatter (0.1.4)
    tuples (0.1.0)
    unicode-display_width (3.3.0)
      unicode-emoji (~> 4.3)
    unicode-emoji (4.3.0)
    yaml-lint (0.1.2)
    yard (0.9.45)

PLATFORMS
  aarch64-linux
  ruby

DEPENDENCIES
  aws-sdk-autoscaling (= 1.168.0)
  aws-sdk-cloudformation (= 1.160.0)
  aws-sdk-cloudwatch (= 1.149.0)
  aws-sdk-cloudwatchlogs (= 1.165.0)
  aws-sdk-dynamodb (= 1.175.0)
  aws-sdk-ec2 (= 1.655.0)
  aws-sdk-elasticloadbalancingv2 (= 1.159.0)
  aws-sdk-s3 (= 1.233.2)
  aws-sdk-sns (= 1.121.0)
  retries (= 0.0.5)
  rspec (= 3.13.2)
  rspec-mocks (= 3.13.8)
  rubocop (= 1.91.0)
  simplecov (= 0.21.2)
  tuples (= 0.1.0)
  yaml-lint (= 0.1.2)
  yard (= 0.9.45)

CHECKSUMS
  ast (2.4.3) sha256=954615157c1d6a382bc27d690d973195e79db7f55e9765ac7c481c60bdb4d383
  aws-eventstream (1.4.0) sha256=116bf85c436200d1060811e6f5d2d40c88f65448f2125bc77ffce5121e6e183b
  aws-partitions (1.1293.0) sha256=d53c028087a7c75b435afb35b310a315a64268e6fb5ecd5d44d8e4f210ce725c
  aws-sdk-autoscaling (1.168.0) sha256=d4ee52805cd4c653e8504ec05a3ef5962923cc0de7aad173573a0499dc2f6ddb
  aws-sdk-cloudformation (1.160.0) sha256=0570804901830356e4c28d76b27cdc31e67ae81240af7b86224b77d364828d84
  aws-sdk-cloudwatch (1.149.0) sha256=7be4d12528c775f2d717268530205df82e0383b05c2fa109c84007f37caa1050
  aws-sdk-cloudwatchlogs (1.165.0) sha256=8e43214de867d93a1a698b7cec863c1f4969d5ef4c6bd459c324565c1ef21f8f
  aws-sdk-core (3.257.0) sha256=a92ad19c7ff668cec6688ee3200ee562da80647a3bbeed9fda02e8b0ca6492c6
  aws-sdk-dynamodb (1.175.0) sha256=c39f9c9c9424ac66648a910c55ba0842e41563c654384fdb72e552d7940e626e
  aws-sdk-ec2 (1.655.0) sha256=2cc23243b84f69437d5627886a7c339ea59a49c0c43b5103c09114f7ce35a508
  aws-sdk-elasticloadbalancingv2 (1.159.0) sha256=c88ff8a5f3b147d7619675c35a15ac708214d9ea4a32ec6eef90b35e7a37838b
  aws-sdk-kms (1.132.0) sha256=094b0097bb3be9d5c1ac87e971ca7f5aebb746801dfb5f0f576480bf98dca69c
  aws-sdk-s3 (1.233.2) sha256=b138737a0de8b02f163ae47a9fc184ac98fc9b90926237c7d7af716a14ea1221
  aws-sdk-sns (1.121.0) sha256=68124e4deab8335797826d777cd9cbc6ba23c8b293fe71360bafac6123c4688d
  aws-sigv4 (1.12.1) sha256=6973ff95cb0fd0dc58ba26e90e9510a2219525d07620c8babeb70ef831826c00
  base64 (0.3.0) sha256=27337aeabad6ffae05c265c450490628ef3ebd4b67be58257393227588f5a97b
  bigdecimal (4.1.3) sha256=61ebe1e5e559bdc3cc6f2c0ee7f427321fc838f59611c294356eb04d6e21cf66
  bundler (4.0.22) sha256=d8d5ec84c8555e0af71db63ed7aee4d1a8fb839ec46d84212d61979242a5d75a
  diff-lcs (1.6.2) sha256=9ae0d2cba7d4df3075fe8cd8602a8604993efc0dfa934cff568969efb1909962
  docile (1.4.1) sha256=96159be799bfa73cdb721b840e9802126e4e03dfc26863db73647204c727f21e
  jmespath (1.6.2) sha256=238d774a58723d6c090494c8879b5e9918c19485f7e840f2c1c7532cf84ebcb1
  json (3.0.2) sha256=8e6d7e7b11384c21230430cef90b71f14849a34a1f4452796670f7c981bd19df
  language_server-protocol (3.17.0.6) sha256=5ef2c0c138f8267e1bc631d3328347d354f96724b0af22f2c79516120443b7f0
  lint_roller (1.1.0) sha256=2c0c845b632a7d172cb849cc90c1bce937a28c5c8ccccb50dfd46a485003cc87
  logger (1.7.0) sha256=196edec7cc44b66cfb40f9755ce11b392f21f7967696af15d274dde7edff0203
  parallel (2.3.0) sha256=f75a3e904101ce6a1ccb6b8dc800cbafd42166d83330192438dcf29395167a6f
  parser (3.3.12.0) sha256=21a6d7f755d5a24dfbdc6e6b772e4e879a52e7631a88bc5a3a134606052c9828
  prism (1.9.0) sha256=7b530c6a9f92c24300014919c9dcbc055bf4cdf51ec30aed099b06cd6674ef85
  racc (1.8.1) sha256=4a7f6929691dbec8b5209a0b373bc2614882b55fc5d2e447a21aaa691303d62f
  rainbow (3.1.1) sha256=039491aa3a89f42efa1d6dec2fc4e62ede96eb6acd95e52f1ad581182b79bc6a
  regexp_parser (2.13.1) sha256=5aedb6b7c35688f51e86eef17a15374dfd287c83f4ca644b2c5f3ec50a33b44b
  retries (0.0.5) sha256=47b9be7935151d4ad5b63b10886fa602f2c9776a0a01466cb56a50ef0d9bb1cf
  rexml (3.4.4) sha256=19e0a2c3425dfbf2d4fc1189747bdb2f849b6c5e74180401b15734bc97b5d142
  rspec (3.13.2) sha256=206284a08ad798e61f86d7ca3e376718d52c0bc944626b2349266f239f820587
  rspec-core (3.13.6) sha256=a8823c6411667b60a8bca135364351dda34cd55e44ff94c4be4633b37d828b2d
  rspec-expectations (3.13.5) sha256=33a4d3a1d95060aea4c94e9f237030a8f9eae5615e9bd85718fe3a09e4b58836
  rspec-mocks (3.13.8) sha256=086ad3d3d17533f4237643de0b5c42f04b66348c28bf6b9c2d3f4a3b01af1d47
  rspec-support (3.13.7) sha256=0640e5570872aafefd79867901deeeeb40b0c9875a36b983d85f54fb7381c47c
  rubocop (1.91.0) sha256=9c82b7bf391c5d7e3798c5b9996e22a1fe3bd7468e351dfdeb96140c058296d0
  rubocop-ast (1.50.0) sha256=b9ca88300da0803ee222ad20cdb30494c0a784eed06fdc35d254b06d662788db
  ruby-progressbar (1.13.0) sha256=80fc9c47a9b640d6834e0dc7b3c94c9df37f08cb072b7761e4a71e22cff29b33
  simplecov (0.21.2) sha256=990db6aedb55086d6bf8874993ff1f796e4830abfa11937468ca502a0d013bc3
  simplecov-html (0.13.2) sha256=bd0b8e54e7c2d7685927e8d6286466359b6f16b18cb0df47b508e8d73c777246
  simplecov_json_formatter (0.1.4) sha256=529418fbe8de1713ac2b2d612aa3daa56d316975d307244399fa4838c601b428
  tuples (0.1.0) sha256=4e52262afd7e575f3ae3fa22ba5e4bc87c7e4df568642e87b04a5a4979ebc376
  unicode-display_width (3.3.0) sha256=4b7aa66a4b11db50f6f7e98411215cd0dd10eaecb665d36eec5bcacb3fa0b613
  unicode-emoji (4.3.0) sha256=11c02fa73290378c066bb0562cd4c87d8e1b706fbbe0059ca12746a4244de8ce
  yaml-lint (0.1.2) sha256=e3960b171766ae187338a169815e99fe10fcb0d9c22b1c539e8d57e114324c8a
  yard (0.9.45) sha256=52e211493f7cb8a3ebf7e104a25a1e73937a3103092545d34cb88fafebb3dc51

BUNDLED WITH
  4.0.22
